
Microsoft Visual Studio Solution File, Format Version 12.00
# Visual Studio Version 17
VisualStudioVersion = 17.12.35527.113 d17.12
MinimumVisualStudioVersion = 10.0.40219.1
Project("{FAE04EC0-301F-11D3-BF4B-00C04F79EFBC}") = "Domain", "Domain\Domain.csproj", "{16D7C428-87B6-4CDB-8E4A-FC45D88939F9}"
EndProject
Project("{FAE04EC0-301F-11D3-BF4B-00C04F79EFBC}") = "Application", "Application\Application.csproj", "{A9D2294D-9D71-41CA-9780-A06A6A56382F}"
EndProject
Project("{FAE04EC0-301F-11D3-BF4B-00C04F79EFBC}") = "Infrastructure", "Infrastructure\Infrastructure.csproj", "{6FCE56A1-987C-40C3-BC79-4D17033C24B7}"
EndProject
Project("{FAE04EC0-301F-11D3-BF4B-00C04F79EFBC}") = "WebAPI", "WebAPI\WebAPI.csproj", "{B514F6FD-A07D-43F1-99FD-34E2B5C9D6C2}"
EndProject
Project("{FAE04EC0-301F-11D3-BF4B-00C04F79EFBC}") = "UnitTest", "UnitTest\UnitTest.csproj", "{8D2D9754-0566-4B55-B733-1B64D1306895}"
EndProject
Global
	GlobalSection(SolutionConfigurationPlatforms) = preSolution
		Debug|Any CPU = Debug|Any CPU
		Release|Any CPU = Release|Any CPU
	EndGlobalSection
	GlobalSection(ProjectConfigurationPlatforms) = postSolution
		{16D7C428-87B6-4CDB-8E4A-FC45D88939F9}.Debug|Any CPU.ActiveCfg = Debug|Any CPU
		{16D7C428-87B6-4CDB-8E4A-FC45D88939F9}.Debug|Any CPU.Build.0 = Debug|Any CPU
		{16D7C428-87B6-4CDB-8E4A-FC45D88939F9}.Release|Any CPU.ActiveCfg = Release|Any CPU
		{16D7C428-87B6-4CDB-8E4A-FC45D88939F9}.Release|Any CPU.Build.0 = Release|Any CPU
		{A9D2294D-9D71-41CA-9780-A06A6A56382F}.Debug|Any CPU.ActiveCfg = Debug|Any CPU
		{A9D2294D-9D71-41CA-9780-A06A6A56382F}.Debug|Any CPU.Build.0 = Debug|Any CPU
		{A9D2294D-9D71-41CA-9780-A06A6A56382F}.Release|Any CPU.ActiveCfg = Release|Any CPU
		{A9D2294D-9D71-41CA-9780-A06A6A56382F}.Release|Any CPU.Build.0 = Release|Any CPU
		{6FCE56A1-987C-40C3-BC79-4D17033C24B7}.Debug|Any CPU.ActiveCfg = Debug|Any CPU
		{6FCE56A1-987C-40C3-BC79-4D17033C24B7}.Debug|Any CPU.Build.0 = Debug|Any CPU
		{6FCE56A1-987C-40C3-BC79-4D17033C24B7}.Release|Any CPU.ActiveCfg = Release|Any CPU
		{6FCE56A1-987C-40C3-BC79-4D17033C24B7}.Release|Any CPU.Build.0 = Release|Any CPU
		{B514F6FD-A07D-43F1-99FD-34E2B5C9D6C2}.Debug|Any CPU.ActiveCfg = Debug|Any CPU
		{B514F6FD-A07D-43F1-99FD-34E2B5C9D6C2}.Debug|Any CPU.Build.0 = Debug|Any CPU
		{B514F6FD-A07D-43F1-99FD-34E2B5C9D6C2}.Release|Any CPU.ActiveCfg = Release|Any CPU
		{B514F6FD-A07D-43F1-99FD-34E2B5C9D6C2}.Release|Any CPU.Build.0 = Release|Any CPU
		{8D2D9754-0566-4B55-B733-1B64D1306895}.Debug|Any CPU.ActiveCfg = Debug|Any CPU
		{8D2D9754-0566-4B55-B733-1B64D1306895}.Debug|Any CPU.Build.0 = Debug|Any CPU
		{8D2D9754-0566-4B55-B733-1B64D1306895}.Release|Any CPU.ActiveCfg = Release|Any CPU
		{8D2D9754-0566-4B55-B733-1B64D1306895}.Release|Any CPU.Build.0 = Release|Any CPU
	EndGlobalSection
	GlobalSection(SolutionProperties) = preSolution
		HideSolutionNode = FALSE
	EndGlobalSection
EndGlobal
